github.com/bytedance/gopkg v0.1.3 h1:u9+7PgDkJzUqgv1r6r4ZEDRf3qmRwDwHCaLLHz0p0E=
github.com/bytedance/gopkg v0.1.3/go.mod h1:BxZnBwbMqHpMLwpVIKKJe+wzXxFHSUe3jVVWvIXhXA=
github.com/bytedance/sonic v1.15.0 h1:+bH5B8mKGHJf9c6o9V5s+f0u8R7MNw51jXkMFZsJR8=
github.com/bytedance/sonic v1.15.0/go.mod h1:3T45DhqZsZJmqOXEYMQgFQbHLPr5a1e1FGSWz+EFHs=
github.com/bytedance/sonic/loader v0.5.0 h1:l+8WkImqKWaQB8pVakLGH6oVW3qMM9pL0lZTQ4gBP0=
github.com/bytedance/sonic/loader v0.5.0/go.mod h1:H2dV4GyWaBLhCgf+eOk9vEZGGh+QaWTvjOYhIqDH/k=
github.com/cloudwego/base64x v0.1.6 h1:pPRPVHZj8MBTbLI14CsaJUkuCpbSy0bECE7GXVNRpM=
github.com/cloudwego/base64x v0.1.6/go.mod h1:P/MQmAQc3HQjvpAaLRp1pBLUJVU7/9QcuRJ8VzxCfg=
github.com/davecgh/go-spew v1.1.1 h1:vj9j/u1bqnvCEfJOwUhtlOARqs3+rkzS/THrucEHQE=
github.com/davecgh/go-spew v1.1.1/go.mod h1:J7Y8YcW2NihsgmVo/mv3lAwl/skON4iLHjSsI+c5H8=
github.com/gabriel-vasile/mimetype v1.4.9 h1:lJOD1ioQ5F6d7hNYKJ9NzGBFGI6P9G/rFB0R+s6WNo=
github.com/gabriel-vasile/mimetype v1.4.9/go.mod h1:cLNMsw9fBhXCBo8Zg4EHXFv4pKV1dBRWFOZeVG5/lw=
github.com/gin-contrib/sse v0.1.0 h1:Y/yl/+YNO8GZSvPa8/g3VS3cHQo44Fcirc/t5BRkbs=
github.com/gin-contrib/sse v0.1.0/go.mod h1:RHrZDybNMWalkf7V5TR8bKIK5ANsVr3l4UxMV8qleU=
github.com/gin-gonic/gin v1.12.0 h1:G1k3xjfgHRIjqk370JOraSIrI/ytsWEhMfJ857h4qw=
github.com/gin-gonic/gin v1.12.0/go.mod h1:d1NzohddtKW3mGc2dVlViewXvzxfIFDD/yVxN9gBHM=
github.com/go-playground/locales v0.14.1 h1:EWaQ/wswjilfKLTECiXz7PWri93X69SfKL2KEe5Z50=
github.com/go-playground/locales v0.14.1/go.mod h1:hxrqLVvrK65+Rwrd5Fc4F9nQ+0lacWy2T4NILubFPI=
github.com/go-playground/universal-translator v0.18.1 h1:Bcnm0ZwsGyWbxAxly3gkgm32L3K+unl1y9X8Y5F+uI=
github.com/go-playground/universal-translator v0.18.1/go.mod h1:xekY+UJKNuX7V3fQMH2QwPj4JmhklubQW4j3TucjQI=
github.com/go-playground/validator/v10 v10.25.0 h1:ypSW0qR/FLdv2LoqQvNdFVLd0kD+j0f5sUX0Q+Syw=
github.com/go-playground/validator/v10 v10.25.0/go.mod h1:JwZjuwm+xbsz1TLdnM3FHQjJt3YqE1XnGo2/oZHwDo=
github.com/goccy/go-json v0.10.5 h1:qUKA+5fI/iyAG0Ob9WHaU4T3wIXLpXvsFiMgzRxC3k=
github.com/goccy/go-json v0.10.5/go.mod h1:6MelG93GURQsLFQrf4rE4qqjvP2TdvRFZqjXyEywBk=
github.com/golang-jwt/jwt/v5 v5.3.1 h1:CJjgldbGVBy4g8p+fLxWfAoj2LsRF/dR98SlZJQdL0=
github.com/golang-jwt/jwt/v5 v5.3.1/go.mod h1:lY4x66xIJ+IKxXZ8UqZ+6K1v4CvMXGa1s/pVl6UFvg=
github.com/google/uuid v1.6.0 h1:NIvaJDMOsjHA8n1jAhLSgzrAzy1R1GiigqijQlIsxg=
github.com/google/uuid v1.6.0/go.mod h1:TIyPZe4MgqvfeYDBFedMoGkpnifVHkPfo7b7cVcVrU=
github.com/json-iterator/go v1.1.12 h1:PV8peI4a0yS09DyMsXE8kqccnAmkmtWPhkG5d3x9KM=
github.com/json-iterator/go v1.1.12/go.mod h1:e30LSqwooZae/UwlEbR2852Gd8vFybj17W5in8qa7c=
github.com/klauspost/cpuid/v2 v2.2.10 h1:a5pIZT1qHSUQxsOPPTFPF7AzPr/cq6AHNNNLsQIoJo=
github.com/klauspost/cpuid/v2 v2.2.10/go.mod h1:LCCrHlQauwLb1Q/+sKHfSKRBL42/QHCaWUVrRfJBKU=
github.com/mattn/go-isatty v0.0.20 h1:xfD0iDuEKLC0E1LL7XbDe4FEJ81WDQtxUmpnZ7DCCs=
github.com/mattn/go-isatty v0.0.20/go.mod h1:W+V8PltTTMOvKvAeJH7RjZfV33h0N/eOUBkVds9LKs=
github.com/modern-go/concurrent v0.0.0-20180306012644-bacd9c7ef1dd h1:TRLaZ9cD8OfAIDP1byegkps8tq6lRpnZs7xQIVjmeE=
github.com/modern-go/concurrent v0.0.0-20180306012644-bacd9c7ef1dd/go.mod h1:6dJC0mAP4ikYjZQjSSUd7/lgIZ2n0LSn1Z+n9diYi8=
github.com/modern-go/reflect2 v1.0.2 h1:xBagoLtFs94CBntxluKeaWgTMpvLxC4ur3nMaC9Gz0=
github.com/modern-go/reflect2 v1.0.2/go.mod h1:abPJLgs/29BNnwQlHMAP6Y7wIm+j6DIoe0pB7nQinda=
github.com/pelletier/go-toml/v2 v2.2.3 h1:lUCeEdUznLWfrmHc1TmLvdDN0gB/PrAQCnWvPxAQvE=
github.com/pelletier/go-toml/v2 v2.2.3/go.mod h1:MoKLvsFkbjzswMkohQ3XpJaKlEIqkKl+jhT4YhbBsI=
github.com/pmezard/go-difflib v1.0.0 h1:4DBwDE0NGyQoBHbLQWq3a5LlSvdSxBG0eeQY2uT5Z0=
github.com/pmezard/go-difflib v1.0.0/go.mod h1:iKH77koFhYxTK1pcRnkGLp1qKJJ5iF7kDmgH/x6zVU=
github.com/stretchr/testify v1.8.4 h1:CcVxjf3Q8BS666VgQIVm/IVJ1cfdmwvtPFIU5DAwvE=
github.com/stretchr/testify v1.8.4/go.mod h1:sz/wgYYOY7tGydGg6qfvQ4N28qWZiHKQPRm+XT5gAE=
github.com/ugorji/go/codec v1.2.12 h1:9LC83zGehe4W1LVl+UQt8IfySvIuc/KlCQWLNohMuE=
github.com/ugorji/go/codec v1.2.12/go.mod h1:UNzXSkj7sBMTNrPijLuP+GF3Uj2+qeSKF5Uj7yaDY=
go.uber.org/multierr v1.11.0 h1:blXXJkSxSSfBVBlC76pxqeO+LLvwohiHC8EDDEMmNs=
go.uber.org/multierr v1.11.0/go.mod h1:20+QtiLqy0Nd6Fteti0/r/n4XiZUpLagyHD3KYlr3s=
go.uber.org/zap v1.27.0 h1:aJMhYGrd5QSmlpLMr62jliRaHD8x8LAewxJrtIcFYI=
go.uber.org/zap v1.27.0/go.mod h1:GB2qFLM7cTU87MWGQ5fKpLXPG+ByNwxZKtzp2Cas/E=
golang.org/x/crypto v0.48.0 h1:3kWFjxAEdlFi4/zmpMXtPL2VjWXwEwEuNdqwDTAtIE=
golang.org/x/crypto v0.48.0/go.mod h1:0aJWEq3e5j8KQKR7ueSMx8ByIgQ9Q9T1ioUd5xnSFnwQ4yxDYcEF1OfVfzkQcFLoJzliu+aecvHk+oys6Z+8BQ==
golang.org/x/net v0.30.0 h1:AcW1SDZMkb8IpzCdQUaIq2sP4sZ4zw+V2USj9/CNfk=
golang.org/x/net v0.30.0/go.mod h1:2wdtUOsNYipjgx4RnyluNUvpHS+pqr5+8lF+nx2IBk=
golang.org/x/sys v0.26.0 h1:KHjCJyddxN1aeKruUJqqQ3/kaCETfxCNwF7i72CPAo=
golang.org/x/sys v0.26.0/go.mod h1:/VUhepP/6argv967jYBkqCVTRmflro20ZYBVRiarvI=
golang.org/x/text v0.19.0 h1:kTxAhCbGbI5m/mcsqJ+a/T1drgZLyVJ2JPsloog4fY=
golang.org/x/text v0.19.0/go.mod h1:BuEKDfySbSR4drQnB9RtsSMaeDH81cdQqNstMmqWTc=
google.golang.org/protobuf v1.35.2 h1:8Ar7bF+apOIoThQbyUsLI6/B1CHvzIectTK4LMn2QI=
google.golang.org/protobuf v1.35.2/go.mod h1:9fA7Ob0pmnwhb6T1xrEmissV9fHP9P7uFELMagR3bY=
gopkg.in/yaml.v3 v3.0.1 h1:fxVm/GzuluF/kuV/SDsi0BHbN+zguEoebqQlz/SqiaU=
gopkg.in/yaml.v3 v3.0.1/go.mod h1:K4uyk+87IqH+J0GcM30+RxfEdlk/D+r9/xmMiL+6b0=
